
Microsoft Visual Studio Solution File, Format Version 12.00
# Visual Studio Version 17
VisualStudioVersion = 17.14.36327.8 d17.14
MinimumVisualStudioVersion = 10.0.40219.1
Project("{FAE04EC0-301F-11D3-BF4B-00C04F79EFBC}") = "BookManagementSystem", "BookManagementSystem\BookManagementSystem.csproj", "{65FC1A8E-B10A-484F-A97F-6E167F8C813D}"
EndProject
Global
	GlobalSection(SolutionConfigurationPlatforms) = preSolution
		Debug|Any CPU = Debug|Any CPU
		Release|Any CPU = Release|Any CPU
	EndGlobalSection
	GlobalSection(ProjectConfigurationPlatforms) = postSolution
		{65FC1A8E-B10A-484F-A97F-6E167F8C813D}.Debug|Any CPU.ActiveCfg = Debug|Any CPU
		{65FC1A8E-B10A-484F-A97F-6E167F8C813D}.Debug|Any CPU.Build.0 = Debug|Any CPU
		{65FC1A8E-B10A-484F-A97F-6E167F8C813D}.Release|Any CPU.ActiveCfg = Release|Any CPU
		{65FC1A8E-B10A-484F-A97F-6E167F8C813D}.Release|Any CPU.Build.0 = Release|Any CPU
	EndGlobalSection
	GlobalSection(SolutionProperties) = preSolution
		HideSolutionNode = FALSE
	EndGlobalSection
	GlobalSection(ExtensibilityGlobals) = postSolution
		SolutionGuid = {0CE02120-76C8-44CD-8D7F-3372602B60AD}
	EndGlobalSection
EndGlobal
